{
  "object": {
    "pins": [
      {
        "package": "VideoKit",
        "repositoryURL": "https://github.com/Video-io/VideoKit-iOS",
        "state": {
          "branch": null,
          "revision": "c4b57f6e54d531929b82ad22a6b8e5c1d1be3eb4",
          "version": "1.0.5"
        }
      }
    ]
  },
  "version": 1
}
