{
  "object": {
    "pins": [
      {
        "package": "VideoKit",
        "repositoryURL": "https://github.com/Video-io/VideoKit-iOS",
        "state": {
          "branch": null,
          "revision": "7a522b01aab62ebe673af395f9c2a5344c6f3fc4",
          "version": "1.0.6"
        }
      }
    ]
  },
  "version": 1
}
